
Microsoft Visual Studio Solution File, Format Version 12.00
# Visual Studio Version 16
VisualStudioVersion = 16.0.30011.22
MinimumVisualStudioVersion = 10.0.40219.1
Project("{FAE04EC0-301F-11D3-BF4B-00C04F79EFBC}") = "MedBuy.Infraestructure", "MedBuy.Infraestructure\MedBuy.Infraestructure.csproj", "{7D56E4B0-6762-4518-8A45-61D53F04C68A}"
EndProject
Project("{FAE04EC0-301F-11D3-BF4B-00C04F79EFBC}") = "MedBuy.Domain", "MedBuy.Domain\MedBuy.Domain.csproj", "{07664DF8-D3C1-4E1F-BA29-DC562E3C59B0}"
EndProject
Project("{FAE04EC0-301F-11D3-BF4B-00C04F79EFBC}") = "MedBuy.Api", "MedBuy.Api\MedBuy.Api.csproj", "{EB5B4C85-0FBC-43B7-B402-D07E1F25F4DC}"
EndProject
Global
	GlobalSection(SolutionConfigurationPlatforms) = preSolution
		Debug|Any CPU = Debug|Any CPU
		Release|Any CPU = Release|Any CPU
	EndGlobalSection
	GlobalSection(ProjectConfigurationPlatforms) = postSolution
		{7D56E4B0-6762-4518-8A45-61D53F04C68A}.Debug|Any CPU.ActiveCfg = Debug|Any CPU
		{7D56E4B0-6762-4518-8A45-61D53F04C68A}.Debug|Any CPU.Build.0 = Debug|Any CPU
		{7D56E4B0-6762-4518-8A45-61D53F04C68A}.Release|Any CPU.ActiveCfg = Release|Any CPU
		{7D56E4B0-6762-4518-8A45-61D53F04C68A}.Release|Any CPU.Build.0 = Release|Any CPU
		{07664DF8-D3C1-4E1F-BA29-DC562E3C59B0}.Debug|Any CPU.ActiveCfg = Debug|Any CPU
		{07664DF8-D3C1-4E1F-BA29-DC562E3C59B0}.Debug|Any CPU.Build.0 = Debug|Any CPU
		{07664DF8-D3C1-4E1F-BA29-DC562E3C59B0}.Release|Any CPU.ActiveCfg = Release|Any CPU
		{07664DF8-D3C1-4E1F-BA29-DC562E3C59B0}.Release|Any CPU.Build.0 = Release|Any CPU
		{EB5B4C85-0FBC-43B7-B402-D07E1F25F4DC}.Debug|Any CPU.ActiveCfg = Debug|Any CPU
		{EB5B4C85-0FBC-43B7-B402-D07E1F25F4DC}.Debug|Any CPU.Build.0 = Debug|Any CPU
		{EB5B4C85-0FBC-43B7-B402-D07E1F25F4DC}.Release|Any CPU.ActiveCfg = Release|Any CPU
		{EB5B4C85-0FBC-43B7-B402-D07E1F25F4DC}.Release|Any CPU.Build.0 = Release|Any CPU
	EndGlobalSection
	GlobalSection(SolutionProperties) = preSolution
		HideSolutionNode = FALSE
	EndGlobalSection
	GlobalSection(ExtensibilityGlobals) = postSolution
		SolutionGuid = {FC241ACA-FB32-4DFD-8B14-0B4B2A850212}
	EndGlobalSection
EndGlobal
